
Microsoft Visual Studio Solution File, Format Version 12.00
# Visual Studio Version 16
VisualStudioVersion = 16.0.30225.117
MinimumVisualStudioVersion = 10.0.40219.1
Project("{FAE04EC0-301F-11D3-BF4B-00C04F79EFBC}") = "Thi_LeDucBinh_59130126", "Thi_LeDucBinh_59130126.csproj", "{299017B4-66A9-4AD8-BE6E-561F1D5D7515}"
EndProject
Global
	GlobalSection(SolutionConfigurationPlatforms) = preSolution
		Debug|Any CPU = Debug|Any CPU
		Release|Any CPU = Release|Any CPU
	EndGlobalSection
	GlobalSection(ProjectConfigurationPlatforms) = postSolution
		{299017B4-66A9-4AD8-BE6E-561F1D5D7515}.Debug|Any CPU.ActiveCfg = Debug|Any CPU
		{299017B4-66A9-4AD8-BE6E-561F1D5D7515}.Debug|Any CPU.Build.0 = Debug|Any CPU
		{299017B4-66A9-4AD8-BE6E-561F1D5D7515}.Release|Any CPU.ActiveCfg = Release|Any CPU
		{299017B4-66A9-4AD8-BE6E-561F1D5D7515}.Release|Any CPU.Build.0 = Release|Any CPU
	EndGlobalSection
	GlobalSection(SolutionProperties) = preSolution
		HideSolutionNode = FALSE
	EndGlobalSection
	GlobalSection(ExtensibilityGlobals) = postSolution
		SolutionGuid = {24BA93C2-85DE-4527-B677-6D3CA2281C98}
	EndGlobalSection
EndGlobal
