
Microsoft Visual Studio Solution File, Format Version 12.00
# Visual Studio Version 16
VisualStudioVersion = 16.0.31624.102
MinimumVisualStudioVersion = 10.0.40219.1
Project("{FAE04EC0-301F-11D3-BF4B-00C04F79EFBC}") = "hdtth2", "hdtth2\hdtth2.csproj", "{EA95A325-2CFF-46D3-A701-84023841E3A8}"
EndProject
Global
	GlobalSection(SolutionConfigurationPlatforms) = preSolution
		Debug|Any CPU = Debug|Any CPU
		Release|Any CPU = Release|Any CPU
	EndGlobalSection
	GlobalSection(ProjectConfigurationPlatforms) = postSolution
		{EA95A325-2CFF-46D3-A701-84023841E3A8}.Debug|Any CPU.ActiveCfg = Debug|Any CPU
		{EA95A325-2CFF-46D3-A701-84023841E3A8}.Debug|Any CPU.Build.0 = Debug|Any CPU
		{EA95A325-2CFF-46D3-A701-84023841E3A8}.Release|Any CPU.ActiveCfg = Release|Any CPU
		{EA95A325-2CFF-46D3-A701-84023841E3A8}.Release|Any CPU.Build.0 = Release|Any CPU
	EndGlobalSection
	GlobalSection(SolutionProperties) = preSolution
		HideSolutionNode = FALSE
	EndGlobalSection
	GlobalSection(ExtensibilityGlobals) = postSolution
		SolutionGuid = {459EFB85-05FF-4DE8-9713-2426F2D13DD0}
	EndGlobalSection
EndGlobal
