
Microsoft Visual Studio Solution File, Format Version 12.00
# Visual Studio Version 16
VisualStudioVersion = 16.0.33529.622
MinimumVisualStudioVersion = 10.0.40219.1
Project("{FAE04EC0-301F-11D3-BF4B-00C04F79EFBC}") = "WindowsFormsApp1", "WindowsFormsApp1\WindowsFormsApp1.csproj", "{B5906B7D-D70F-4AE5-A067-66ADB6FCCF25}"
EndProject
Global
	GlobalSection(SolutionConfigurationPlatforms) = preSolution
		Debug|Any CPU = Debug|Any CPU
		Release|Any CPU = Release|Any CPU
	EndGlobalSection
	GlobalSection(ProjectConfigurationPlatforms) = postSolution
		{B5906B7D-D70F-4AE5-A067-66ADB6FCCF25}.Debug|Any CPU.ActiveCfg = Debug|Any CPU
		{B5906B7D-D70F-4AE5-A067-66ADB6FCCF25}.Debug|Any CPU.Build.0 = Debug|Any CPU
		{B5906B7D-D70F-4AE5-A067-66ADB6FCCF25}.Release|Any CPU.ActiveCfg = Release|Any CPU
		{B5906B7D-D70F-4AE5-A067-66ADB6FCCF25}.Release|Any CPU.Build.0 = Release|Any CPU
	EndGlobalSection
	GlobalSection(SolutionProperties) = preSolution
		HideSolutionNode = FALSE
	EndGlobalSection
	GlobalSection(ExtensibilityGlobals) = postSolution
		SolutionGuid = {7E2CA8C1-A6D1-486B-A90A-F0CE5518D4BC}
	EndGlobalSection
EndGlobal
