
Microsoft Visual Studio Solution File, Format Version 12.00
# Visual Studio Version 16
VisualStudioVersion = 16.0.31624.102
MinimumVisualStudioVersion = 10.0.40219.1
Project("{FAE04EC0-301F-11D3-BF4B-00C04F79EFBC}") = "VDview2", "VDview2\VDview2.csproj", "{9674CF8A-610B-487E-BCA2-CAA8CDD8E960}"
EndProject
Global
	GlobalSection(SolutionConfigurationPlatforms) = preSolution
		Debug|Any CPU = Debug|Any CPU
		Release|Any CPU = Release|Any CPU
	EndGlobalSection
	GlobalSection(ProjectConfigurationPlatforms) = postSolution
		{9674CF8A-610B-487E-BCA2-CAA8CDD8E960}.Debug|Any CPU.ActiveCfg = Debug|Any CPU
		{9674CF8A-610B-487E-BCA2-CAA8CDD8E960}.Debug|Any CPU.Build.0 = Debug|Any CPU
		{9674CF8A-610B-487E-BCA2-CAA8CDD8E960}.Release|Any CPU.ActiveCfg = Release|Any CPU
		{9674CF8A-610B-487E-BCA2-CAA8CDD8E960}.Release|Any CPU.Build.0 = Release|Any CPU
	EndGlobalSection
	GlobalSection(SolutionProperties) = preSolution
		HideSolutionNode = FALSE
	EndGlobalSection
	GlobalSection(ExtensibilityGlobals) = postSolution
		SolutionGuid = {043E6B07-A9CD-48CC-9458-1A36558F295F}
	EndGlobalSection
EndGlobal
