
Microsoft Visual Studio Solution File, Format Version 12.00
# Visual Studio Version 16
VisualStudioVersion = 16.0.30225.117
MinimumVisualStudioVersion = 10.0.40219.1
Project("{FAE04EC0-301F-11D3-BF4B-00C04F79EFBC}") = "KT100720_59131885", "KT100720_59131885.csproj", "{933FEB3A-6BD2-4A85-9FF2-9298E7882B25}"
EndProject
Global
	GlobalSection(SolutionConfigurationPlatforms) = preSolution
		Debug|Any CPU = Debug|Any CPU
		Release|Any CPU = Release|Any CPU
	EndGlobalSection
	GlobalSection(ProjectConfigurationPlatforms) = postSolution
		{933FEB3A-6BD2-4A85-9FF2-9298E7882B25}.Debug|Any CPU.ActiveCfg = Debug|Any CPU
		{933FEB3A-6BD2-4A85-9FF2-9298E7882B25}.Debug|Any CPU.Build.0 = Debug|Any CPU
		{933FEB3A-6BD2-4A85-9FF2-9298E7882B25}.Release|Any CPU.ActiveCfg = Release|Any CPU
		{933FEB3A-6BD2-4A85-9FF2-9298E7882B25}.Release|Any CPU.Build.0 = Release|Any CPU
	EndGlobalSection
	GlobalSection(SolutionProperties) = preSolution
		HideSolutionNode = FALSE
	EndGlobalSection
	GlobalSection(ExtensibilityGlobals) = postSolution
		SolutionGuid = {BB7F2CAA-DC95-4F8C-BC57-37A2405C6DE0}
	EndGlobalSection
EndGlobal
